
Microsoft Visual Studio Solution File, Format Version 12.00
# Visual Studio 14
VisualStudioVersion = 14.0.25420.1
MinimumVisualStudioVersion = 10.0.40219.1
Project("{8BC9CEB8-8B4A-11D0-8D11-00A0C91BC942}") = "Library", "Library\Library.vcxproj", "{4B8E5130-D408-4AD9-A9C4-009CA22E8C5E}"
EndProject
Project("{8BC9CEB8-8B4A-11D0-8D11-00A0C91BC942}") = "Shared", "Shared\Shared.vcxitems", "{45D41ACC-2C3C-43D2-BC10-02AA73FFC7C7}"
EndProject
Project("{8BC9CEB8-8B4A-11D0-8D11-00A0C91BC942}") = "LauncherCLI", "LauncherCLI\LauncherCLI.vcxproj", "{B2DBCE0D-417D-47D2-842C-4651F60231A7}"
EndProject
Project("{8BC9CEB8-8B4A-11D0-8D11-00A0C91BC942}") = "Library API", "Library API\Library API.vcxitems", "{F6A710B0-1DAD-4087-B575-5512EFECCC0F}"
EndProject
Project("{FAE04EC0-301F-11D3-BF4B-00C04F79EFBC}") = "LauncherUI", "LauncherUI\LauncherUI.csproj", "{B83A1D7B-6838-44AA-872A-EF22F89F389F}"
EndProject
Global
	GlobalSection(SharedMSBuildProjectFiles) = preSolution
		Shared\Shared.vcxitems*{45d41acc-2c3c-43d2-bc10-02aa73ffc7c7}*SharedItemsImports = 9
		Library API\Library API.vcxitems*{4b8e5130-d408-4ad9-a9c4-009ca22e8c5e}*SharedItemsImports = 4
		Shared\Shared.vcxitems*{4b8e5130-d408-4ad9-a9c4-009ca22e8c5e}*SharedItemsImports = 4
		Library API\Library API.vcxitems*{b2dbce0d-417d-47d2-842c-4651f60231a7}*SharedItemsImports = 4
		Shared\Shared.vcxitems*{b2dbce0d-417d-47d2-842c-4651f60231a7}*SharedItemsImports = 4
		Library API\Library API.vcxitems*{f6a710b0-1dad-4087-b575-5512efeccc0f}*SharedItemsImports = 9
	EndGlobalSection
	GlobalSection(SolutionConfigurationPlatforms) = preSolution
		Debug|x86 = Debug|x86
		Release|x86 = Release|x86
	EndGlobalSection
	GlobalSection(ProjectConfigurationPlatforms) = postSolution
		{4B8E5130-D408-4AD9-A9C4-009CA22E8C5E}.Debug|x86.ActiveCfg = Debug|Win32
		{4B8E5130-D408-4AD9-A9C4-009CA22E8C5E}.Debug|x86.Build.0 = Debug|Win32
		{4B8E5130-D408-4AD9-A9C4-009CA22E8C5E}.Release|x86.ActiveCfg = Release|Win32
		{4B8E5130-D408-4AD9-A9C4-009CA22E8C5E}.Release|x86.Build.0 = Release|Win32
		{B2DBCE0D-417D-47D2-842C-4651F60231A7}.Debug|x86.ActiveCfg = Debug|Win32
		{B2DBCE0D-417D-47D2-842C-4651F60231A7}.Debug|x86.Build.0 = Debug|Win32
		{B2DBCE0D-417D-47D2-842C-4651F60231A7}.Release|x86.ActiveCfg = Release|Win32
		{B2DBCE0D-417D-47D2-842C-4651F60231A7}.Release|x86.Build.0 = Release|Win32
		{B83A1D7B-6838-44AA-872A-EF22F89F389F}.Debug|x86.ActiveCfg = Debug|Any CPU
		{B83A1D7B-6838-44AA-872A-EF22F89F389F}.Debug|x86.Build.0 = Debug|Any CPU
		{B83A1D7B-6838-44AA-872A-EF22F89F389F}.Release|x86.ActiveCfg = Release|Any CPU
		{B83A1D7B-6838-44AA-872A-EF22F89F389F}.Release|x86.Build.0 = Release|Any CPU
	EndGlobalSection
	GlobalSection(SolutionProperties) = preSolution
		HideSolutionNode = FALSE
	EndGlobalSection
EndGlobal
