
Microsoft Visual Studio Solution File, Format Version 12.00
# Visual Studio Version 17
VisualStudioVersion = 17.0.31410.414
MinimumVisualStudioVersion = 10.0.40219.1
Project("{8BC9CEB8-8B4A-11D0-8D11-00A0C91BC942}") = "svr_encoder", "src\svr_encoder\svr_encoder.vcxproj", "{C31C1B41-95E7-45C6-A16F-F86A81F13D9F}"
EndProject
Project("{8BC9CEB8-8B4A-11D0-8D11-00A0C91BC942}") = "svr_game", "src\svr_game\svr_game.vcxproj", "{0B116E75-C1CC-409B-A50A-274DC2D4CB41}"
EndProject
Project("{8BC9CEB8-8B4A-11D0-8D11-00A0C91BC942}") = "svr_launcher", "src\svr_launcher\svr_launcher.vcxproj", "{E750167E-861F-4CF4-9F5D-20F473129641}"
EndProject
Project("{8BC9CEB8-8B4A-11D0-8D11-00A0C91BC942}") = "svr_standalone", "src\svr_standalone\svr_standalone.vcxproj", "{4DE1E027-CAF8-4106-ABEF-1A6885CC82DD}"
EndProject
Project("{8BC9CEB8-8B4A-11D0-8D11-00A0C91BC942}") = "svr_common", "src\svr_common\svr_common.vcxproj", "{DF7F2790-4886-4224-AFC1-B44687571612}"
EndProject
Project("{8BC9CEB8-8B4A-11D0-8D11-00A0C91BC942}") = "svr_shared", "src\svr_shared\svr_shared.vcxproj", "{0DA14111-6BA2-4670-A183-EE7BED08B7E9}"
EndProject
Global
	GlobalSection(SolutionConfigurationPlatforms) = preSolution
		Debug|x64 = Debug|x64
		Debug|x86 = Debug|x86
		Release|x64 = Release|x64
		Release|x86 = Release|x86
	EndGlobalSection
	GlobalSection(ProjectConfigurationPlatforms) = postSolution
		{C31C1B41-95E7-45C6-A16F-F86A81F13D9F}.Debug|x64.ActiveCfg = Debug|x64
		{C31C1B41-95E7-45C6-A16F-F86A81F13D9F}.Debug|x64.Build.0 = Debug|x64
		{C31C1B41-95E7-45C6-A16F-F86A81F13D9F}.Debug|x86.ActiveCfg = Debug|x64
		{C31C1B41-95E7-45C6-A16F-F86A81F13D9F}.Debug|x86.Build.0 = Debug|x64
		{C31C1B41-95E7-45C6-A16F-F86A81F13D9F}.Release|x64.ActiveCfg = Release|x64
		{C31C1B41-95E7-45C6-A16F-F86A81F13D9F}.Release|x64.Build.0 = Release|x64
		{C31C1B41-95E7-45C6-A16F-F86A81F13D9F}.Release|x86.ActiveCfg = Release|x64
		{C31C1B41-95E7-45C6-A16F-F86A81F13D9F}.Release|x86.Build.0 = Release|x64
		{0B116E75-C1CC-409B-A50A-274DC2D4CB41}.Debug|x64.ActiveCfg = Debug|x64
		{0B116E75-C1CC-409B-A50A-274DC2D4CB41}.Debug|x64.Build.0 = Debug|x64
		{0B116E75-C1CC-409B-A50A-274DC2D4CB41}.Debug|x86.ActiveCfg = Debug|Win32
		{0B116E75-C1CC-409B-A50A-274DC2D4CB41}.Debug|x86.Build.0 = Debug|Win32
		{0B116E75-C1CC-409B-A50A-274DC2D4CB41}.Release|x64.ActiveCfg = Release|x64
		{0B116E75-C1CC-409B-A50A-274DC2D4CB41}.Release|x64.Build.0 = Release|x64
		{0B116E75-C1CC-409B-A50A-274DC2D4CB41}.Release|x86.ActiveCfg = Release|Win32
		{0B116E75-C1CC-409B-A50A-274DC2D4CB41}.Release|x86.Build.0 = Release|Win32
		{E750167E-861F-4CF4-9F5D-20F473129641}.Debug|x64.ActiveCfg = Debug|x64
		{E750167E-861F-4CF4-9F5D-20F473129641}.Debug|x64.Build.0 = Debug|x64
		{E750167E-861F-4CF4-9F5D-20F473129641}.Debug|x86.ActiveCfg = Debug|Win32
		{E750167E-861F-4CF4-9F5D-20F473129641}.Debug|x86.Build.0 = Debug|Win32
		{E750167E-861F-4CF4-9F5D-20F473129641}.Release|x64.ActiveCfg = Release|x64
		{E750167E-861F-4CF4-9F5D-20F473129641}.Release|x64.Build.0 = Release|x64
		{E750167E-861F-4CF4-9F5D-20F473129641}.Release|x86.ActiveCfg = Release|Win32
		{E750167E-861F-4CF4-9F5D-20F473129641}.Release|x86.Build.0 = Release|Win32
		{4DE1E027-CAF8-4106-ABEF-1A6885CC82DD}.Debug|x64.ActiveCfg = Debug|x64
		{4DE1E027-CAF8-4106-ABEF-1A6885CC82DD}.Debug|x64.Build.0 = Debug|x64
		{4DE1E027-CAF8-4106-ABEF-1A6885CC82DD}.Debug|x86.ActiveCfg = Debug|Win32
		{4DE1E027-CAF8-4106-ABEF-1A6885CC82DD}.Debug|x86.Build.0 = Debug|Win32
		{4DE1E027-CAF8-4106-ABEF-1A6885CC82DD}.Release|x64.ActiveCfg = Release|x64
		{4DE1E027-CAF8-4106-ABEF-1A6885CC82DD}.Release|x64.Build.0 = Release|x64
		{4DE1E027-CAF8-4106-ABEF-1A6885CC82DD}.Release|x86.ActiveCfg = Release|Win32
		{4DE1E027-CAF8-4106-ABEF-1A6885CC82DD}.Release|x86.Build.0 = Release|Win32
		{DF7F2790-4886-4224-AFC1-B44687571612}.Debug|x64.ActiveCfg = Debug|x64
		{DF7F2790-4886-4224-AFC1-B44687571612}.Debug|x64.Build.0 = Debug|x64
		{DF7F2790-4886-4224-AFC1-B44687571612}.Debug|x86.ActiveCfg = Debug|Win32
		{DF7F2790-4886-4224-AFC1-B44687571612}.Debug|x86.Build.0 = Debug|Win32
		{DF7F2790-4886-4224-AFC1-B44687571612}.Release|x64.ActiveCfg = Release|x64
		{DF7F2790-4886-4224-AFC1-B44687571612}.Release|x64.Build.0 = Release|x64
		{DF7F2790-4886-4224-AFC1-B44687571612}.Release|x86.ActiveCfg = Release|Win32
		{DF7F2790-4886-4224-AFC1-B44687571612}.Release|x86.Build.0 = Release|Win32
		{0DA14111-6BA2-4670-A183-EE7BED08B7E9}.Debug|x64.ActiveCfg = Debug|x64
		{0DA14111-6BA2-4670-A183-EE7BED08B7E9}.Debug|x64.Build.0 = Debug|x64
		{0DA14111-6BA2-4670-A183-EE7BED08B7E9}.Debug|x86.ActiveCfg = Debug|Win32
		{0DA14111-6BA2-4670-A183-EE7BED08B7E9}.Debug|x86.Build.0 = Debug|Win32
		{0DA14111-6BA2-4670-A183-EE7BED08B7E9}.Release|x64.ActiveCfg = Release|x64
		{0DA14111-6BA2-4670-A183-EE7BED08B7E9}.Release|x64.Build.0 = Release|x64
		{0DA14111-6BA2-4670-A183-EE7BED08B7E9}.Release|x86.ActiveCfg = Release|Win32
		{0DA14111-6BA2-4670-A183-EE7BED08B7E9}.Release|x86.Build.0 = Release|Win32
	EndGlobalSection
	GlobalSection(SolutionProperties) = preSolution
		HideSolutionNode = FALSE
	EndGlobalSection
	GlobalSection(ExtensibilityGlobals) = postSolution
		SolutionGuid = {A259E5C4-19A4-456A-A266-E6F6E481A317}
	EndGlobalSection
EndGlobal
