
Microsoft Visual Studio Solution File, Format Version 12.00
# Visual Studio 14
VisualStudioVersion = 14.0.25420.1
MinimumVisualStudioVersion = 10.0.40219.1
Project("{8BC9CEB8-8B4A-11D0-8D11-00A0C91BC942}") = "SourceDemoRender", "SourceDemoRender.vcxproj", "{4B8E5130-D408-4AD9-A9C4-009CA22E8C5E}"
EndProject
Global
	GlobalSection(SolutionConfigurationPlatforms) = preSolution
		Debug MP|x86 = Debug MP|x86
		Debug SP|x86 = Debug SP|x86
		Release MP|x86 = Release MP|x86
		Release SP|x86 = Release SP|x86
	EndGlobalSection
	GlobalSection(ProjectConfigurationPlatforms) = postSolution
		{4B8E5130-D408-4AD9-A9C4-009CA22E8C5E}.Debug MP|x86.ActiveCfg = Debug MP|Win32
		{4B8E5130-D408-4AD9-A9C4-009CA22E8C5E}.Debug MP|x86.Build.0 = Debug MP|Win32
		{4B8E5130-D408-4AD9-A9C4-009CA22E8C5E}.Debug SP|x86.ActiveCfg = Debug SP|Win32
		{4B8E5130-D408-4AD9-A9C4-009CA22E8C5E}.Debug SP|x86.Build.0 = Debug SP|Win32
		{4B8E5130-D408-4AD9-A9C4-009CA22E8C5E}.Release MP|x86.ActiveCfg = Release MP|Win32
		{4B8E5130-D408-4AD9-A9C4-009CA22E8C5E}.Release MP|x86.Build.0 = Release MP|Win32
		{4B8E5130-D408-4AD9-A9C4-009CA22E8C5E}.Release SP|x86.ActiveCfg = Release SP|Win32
		{4B8E5130-D408-4AD9-A9C4-009CA22E8C5E}.Release SP|x86.Build.0 = Release SP|Win32
	EndGlobalSection
	GlobalSection(SolutionProperties) = preSolution
		HideSolutionNode = FALSE
	EndGlobalSection
EndGlobal
